{
  "requires": true,
  "lockfileVersion": 1,
  "dependencies": {
    "amdefine": {
      "version": "1.0.1",
      "resolved": "https://registry.npm.taobao.org/amdefine/download/amdefine-1.0.1.tgz",
      "integrity": "sha1-SlKCrBZHKek2Gbz9OtFR+BfOkfU=",
      "optional": true
    },
    "async": {
      "version": "0.2.10",
      "resolved": "https://registry.npm.taobao.org/async/download/async-0.2.10.tgz",
      "integrity": "sha1-trvgsGdLnXGXCMo43owjfLUmw9E=",
      "optional": true
    },
    "bufferhelper": {
      "version": "0.2.1",
      "resolved": "https://registry.npm.taobao.org/bufferhelper/download/bufferhelper-0.2.1.tgz",
      "integrity": "sha1-+nSjhXJKWOJC8ErWZGwjZvg7kT4="
    },
    "commander": {
      "version": "2.20.3",
      "resolved": "https://registry.npm.taobao.org/commander/download/commander-2.20.3.tgz",
      "integrity": "sha1-/UhehMA+tIgcIHIrpIA16FMa6zM="
    },
    "config": {
      "version": "1.31.0",
      "resolved": "https://registry.npm.taobao.org/config/download/config-1.31.0.tgz",
      "integrity": "sha1-qwiuumU2AV0iDNCv4Us+BQEIJUI=",
      "requires": {
        "json5": "^1.0.1"
      }
    },
    "handlebars": {
      "version": "2.0.0",
      "resolved": "https://registry.npm.taobao.org/handlebars/download/handlebars-2.0.0.tgz",
      "integrity": "sha1-bp1/hRSjRn+l6fgswVjs/B1ax28=",
      "requires": {
        "optimist": "~0.3",
        "uglify-js": "~2.3"
      }
    },
    "i5ting_toc": {
      "version": "1.1.5",
      "resolved": "https://registry.npm.taobao.org/i5ting_toc/download/i5ting_toc-1.1.5.tgz",
      "integrity": "sha1-BapoIvAGmolBf9Hg/Fz+UrO1UqI=",
      "requires": {
        "bufferhelper": "^0.2.0",
        "commander": "^2.5.0",
        "config": "^1.7.0",
        "handlebars": "^2.0.0",
        "marked": "^0.3.2",
        "object-assign": "^1.0.0",
        "open": "0.0.5",
        "shelljs": "^0.3.0"
      }
    },
    "json5": {
      "version": "1.0.1",
      "resolved": "https://registry.npm.taobao.org/json5/download/json5-1.0.1.tgz",
      "integrity": "sha1-d5+wAYYE+oVOrL9iUhgNg1Q+Pb4=",
      "requires": {
        "minimist": "^1.2.0"
      }
    },
    "marked": {
      "version": "0.3.19",
      "resolved": "https://registry.npm.taobao.org/marked/download/marked-0.3.19.tgz?cache=0&sync_timestamp=1605794673980&other_urls=https%3A%2F%2Fregistry.npm.taobao.org%2Fmarked%2Fdownload%2Fmarked-0.3.19.tgz",
      "integrity": "sha1-XUf3CcTJ/Dwha21GEnKA9As515A="
    },
    "minimist": {
      "version": "1.2.5",
      "resolved": "https://registry.npm.taobao.org/minimist/download/minimist-1.2.5.tgz",
      "integrity": "sha1-Z9ZgFLZqaoqqDAg8X9WN9OTpdgI="
    },
    "object-assign": {
      "version": "1.0.0",
      "resolved": "https://registry.npm.taobao.org/object-assign/download/object-assign-1.0.0.tgz",
      "integrity": "sha1-5l3Idm07R7S4MHRlyDEdoDCwcKY="
    },
    "open": {
      "version": "0.0.5",
      "resolved": "https://registry.npm.taobao.org/open/download/open-0.0.5.tgz?cache=0&sync_timestamp=1601376379645&other_urls=https%3A%2F%2Fregistry.npm.taobao.org%2Fopen%2Fdownload%2Fopen-0.0.5.tgz",
      "integrity": "sha1-QsPhjslUZra/DcQvOilFw/DK2Pw="
    },
    "optimist": {
      "version": "0.3.7",
      "resolved": "https://registry.npm.taobao.org/optimist/download/optimist-0.3.7.tgz",
      "integrity": "sha1-yQlBrVnkJzMokjB00s8ufLxuwNk=",
      "requires": {
        "wordwrap": "~0.0.2"
      }
    },
    "shelljs": {
      "version": "0.3.0",
      "resolved": "https://registry.npm.taobao.org/shelljs/download/shelljs-0.3.0.tgz",
      "integrity": "sha1-NZbmMHp4FUT1kfN9phg2DzHbV7E="
    },
    "source-map": {
      "version": "0.1.43",
      "resolved": "https://registry.npm.taobao.org/source-map/download/source-map-0.1.43.tgz",
      "integrity": "sha1-wkvBRspRfBRx9drL4lcbK3+eM0Y=",
      "optional": true,
      "requires": {
        "amdefine": ">=0.0.4"
      }
    },
    "uglify-js": {
      "version": "2.3.6",
      "resolved": "https://registry.npm.taobao.org/uglify-js/download/uglify-js-2.3.6.tgz",
      "integrity": "sha1-+gmEdwtCi3qbKoBY9GNV0U/vIRo=",
      "optional": true,
      "requires": {
        "async": "~0.2.6",
        "optimist": "~0.3.5",
        "source-map": "~0.1.7"
      }
    },
    "wordwrap": {
      "version": "0.0.3",
      "resolved": "https://registry.npm.taobao.org/wordwrap/download/wordwrap-0.0.3.tgz",
      "integrity": "sha1-o9XabNXAvAAI03I0u68b7WMFkQc="
    }
  }
}
